
Microsoft Visual Studio Solution File, Format Version 12.00
# Visual Studio 15
VisualStudioVersion = 15.0.27428.2015
MinimumVisualStudioVersion = 10.0.40219.1
Project("{FAE04EC0-301F-11D3-BF4B-00C04F79EFBC}") = "My first project", "My first project\My first project.csproj", "{7992AAE6-7EB3-45E7-951B-CF1C59DB4754}"
EndProject
Global
	GlobalSection(SolutionConfigurationPlatforms) = preSolution
		Debug|Any CPU = Debug|Any CPU
		Release|Any CPU = Release|Any CPU
	EndGlobalSection
	GlobalSection(ProjectConfigurationPlatforms) = postSolution
		{7992AAE6-7EB3-45E7-951B-CF1C59DB4754}.Debug|Any CPU.ActiveCfg = Debug|Any CPU
		{7992AAE6-7EB3-45E7-951B-CF1C59DB4754}.Debug|Any CPU.Build.0 = Debug|Any CPU
		{7992AAE6-7EB3-45E7-951B-CF1C59DB4754}.Release|Any CPU.ActiveCfg = Release|Any CPU
		{7992AAE6-7EB3-45E7-951B-CF1C59DB4754}.Release|Any CPU.Build.0 = Release|Any CPU
	EndGlobalSection
	GlobalSection(SolutionProperties) = preSolution
		HideSolutionNode = FALSE
	EndGlobalSection
	GlobalSection(ExtensibilityGlobals) = postSolution
		SolutionGuid = {9EFCB0EC-B739-40FB-8EA9-A5C0C3373EC5}
	EndGlobalSection
EndGlobal
